
Microsoft Visual Studio Solution File, Format Version 12.00
# Visual Studio Version 16
VisualStudioVersion = 16.0.31702.278
MinimumVisualStudioVersion = 10.0.40219.1
Project("{FAE04EC0-301F-11D3-BF4B-00C04F79EFBC}") = "CarInsuranceProgram", "CarInsuranceProgram\CarInsuranceProgram.csproj", "{A45D1E0E-DA14-43FE-954D-AC03F6FB44AD}"
EndProject
Global
	GlobalSection(SolutionConfigurationPlatforms) = preSolution
		Debug|Any CPU = Debug|Any CPU
		Release|Any CPU = Release|Any CPU
	EndGlobalSection
	GlobalSection(ProjectConfigurationPlatforms) = postSolution
		{A45D1E0E-DA14-43FE-954D-AC03F6FB44AD}.Debug|Any CPU.ActiveCfg = Debug|Any CPU
		{A45D1E0E-DA14-43FE-954D-AC03F6FB44AD}.Debug|Any CPU.Build.0 = Debug|Any CPU
		{A45D1E0E-DA14-43FE-954D-AC03F6FB44AD}.Release|Any CPU.ActiveCfg = Release|Any CPU
		{A45D1E0E-DA14-43FE-954D-AC03F6FB44AD}.Release|Any CPU.Build.0 = Release|Any CPU
	EndGlobalSection
	GlobalSection(SolutionProperties) = preSolution
		HideSolutionNode = FALSE
	EndGlobalSection
	GlobalSection(ExtensibilityGlobals) = postSolution
		SolutionGuid = {37D68D53-2BB4-43E6-AF23-88AC2D2CE332}
	EndGlobalSection
EndGlobal
