
Microsoft Visual Studio Solution File, Format Version 12.00
# Visual Studio Version 16
VisualStudioVersion = 16.0.31702.278
MinimumVisualStudioVersion = 10.0.40219.1
Project("{FAE04EC0-301F-11D3-BF4B-00C04F79EFBC}") = "MathAndComparisonAssignment", "MathAndComparisonAssignment\MathAndComparisonAssignment.csproj", "{1A9DFB4A-00CE-4CCE-8BC9-9BE5EC0703DC}"
EndProject
Global
	GlobalSection(SolutionConfigurationPlatforms) = preSolution
		Debug|Any CPU = Debug|Any CPU
		Release|Any CPU = Release|Any CPU
	EndGlobalSection
	GlobalSection(ProjectConfigurationPlatforms) = postSolution
		{1A9DFB4A-00CE-4CCE-8BC9-9BE5EC0703DC}.Debug|Any CPU.ActiveCfg = Debug|Any CPU
		{1A9DFB4A-00CE-4CCE-8BC9-9BE5EC0703DC}.Debug|Any CPU.Build.0 = Debug|Any CPU
		{1A9DFB4A-00CE-4CCE-8BC9-9BE5EC0703DC}.Release|Any CPU.ActiveCfg = Release|Any CPU
		{1A9DFB4A-00CE-4CCE-8BC9-9BE5EC0703DC}.Release|Any CPU.Build.0 = Release|Any CPU
	EndGlobalSection
	GlobalSection(SolutionProperties) = preSolution
		HideSolutionNode = FALSE
	EndGlobalSection
	GlobalSection(ExtensibilityGlobals) = postSolution
		SolutionGuid = {C9616D8B-5BEC-43AA-A4B1-B9644507E51B}
	EndGlobalSection
EndGlobal
