
Microsoft Visual Studio Solution File, Format Version 12.00
# Visual Studio Version 16
VisualStudioVersion = 16.0.31702.278
MinimumVisualStudioVersion = 10.0.40219.1
Project("{FAE04EC0-301F-11D3-BF4B-00C04F79EFBC}") = "Abstract Class", "Abstract Class\Abstract Class.csproj", "{8EF7FE81-1C05-4D29-AB5D-330792944195}"
EndProject
Global
	GlobalSection(SolutionConfigurationPlatforms) = preSolution
		Debug|Any CPU = Debug|Any CPU
		Release|Any CPU = Release|Any CPU
	EndGlobalSection
	GlobalSection(ProjectConfigurationPlatforms) = postSolution
		{8EF7FE81-1C05-4D29-AB5D-330792944195}.Debug|Any CPU.ActiveCfg = Debug|Any CPU
		{8EF7FE81-1C05-4D29-AB5D-330792944195}.Debug|Any CPU.Build.0 = Debug|Any CPU
		{8EF7FE81-1C05-4D29-AB5D-330792944195}.Release|Any CPU.ActiveCfg = Release|Any CPU
		{8EF7FE81-1C05-4D29-AB5D-330792944195}.Release|Any CPU.Build.0 = Release|Any CPU
	EndGlobalSection
	GlobalSection(SolutionProperties) = preSolution
		HideSolutionNode = FALSE
	EndGlobalSection
	GlobalSection(ExtensibilityGlobals) = postSolution
		SolutionGuid = {2771BBDB-0365-487B-9667-4D77B447D7A9}
	EndGlobalSection
EndGlobal
