
Microsoft Visual Studio Solution File, Format Version 12.00
# Visual Studio Version 16
VisualStudioVersion = 16.0.31702.278
MinimumVisualStudioVersion = 10.0.40219.1
Project("{FAE04EC0-301F-11D3-BF4B-00C04F79EFBC}") = "datetime", "datetime\datetime.csproj", "{E7AC993A-1178-4C5E-965D-95465DE6FBEF}"
EndProject
Global
	GlobalSection(SolutionConfigurationPlatforms) = preSolution
		Debug|Any CPU = Debug|Any CPU
		Release|Any CPU = Release|Any CPU
	EndGlobalSection
	GlobalSection(ProjectConfigurationPlatforms) = postSolution
		{E7AC993A-1178-4C5E-965D-95465DE6FBEF}.Debug|Any CPU.ActiveCfg = Debug|Any CPU
		{E7AC993A-1178-4C5E-965D-95465DE6FBEF}.Debug|Any CPU.Build.0 = Debug|Any CPU
		{E7AC993A-1178-4C5E-965D-95465DE6FBEF}.Release|Any CPU.ActiveCfg = Release|Any CPU
		{E7AC993A-1178-4C5E-965D-95465DE6FBEF}.Release|Any CPU.Build.0 = Release|Any CPU
	EndGlobalSection
	GlobalSection(SolutionProperties) = preSolution
		HideSolutionNode = FALSE
	EndGlobalSection
	GlobalSection(ExtensibilityGlobals) = postSolution
		SolutionGuid = {66D00082-6ABA-4A3D-B0D6-CE9E43439521}
	EndGlobalSection
EndGlobal
